
Microsoft Visual Studio Solution File, Format Version 12.00
# Visual Studio Version 17
VisualStudioVersion = 17.0.31903.59
MinimumVisualStudioVersion = 10.0.40219.1
Project("{FAE04EC0-301F-11D3-BF4B-00C04F79EFBC}") = "Smart.SolarMicrogridTradingSystem.Api", "Smart.SolarMicrogridTradingSystem.Api\Smart.SolarMicrogridTradingSystem.Api.csproj", "{89A3DD18-549E-4396-9DF2-91A96B04AC43}"
EndProject
Project("{FAE04EC0-301F-11D3-BF4B-00C04F79EFBC}") = "Smart.SolarMicrogridTradingSystem.Web", "Smart.SolarMicrogridTradingSystem.Web\Smart.SolarMicrogridTradingSystem.Web.csproj", "{931C3F30-FD9F-48F1-BC18-65A363ABAEAD}"
EndProject
Global
	GlobalSection(SolutionConfigurationPlatforms) = preSolution
		Debug|Any CPU = Debug|Any CPU
		Debug|x64 = Debug|x64
		Debug|x86 = Debug|x86
		Release|Any CPU = Release|Any CPU
		Release|x64 = Release|x64
		Release|x86 = Release|x86
	EndGlobalSection
	GlobalSection(ProjectConfigurationPlatforms) = postSolution
		{89A3DD18-549E-4396-9DF2-91A96B04AC43}.Debug|Any CPU.ActiveCfg = Debug|Any CPU
		{89A3DD18-549E-4396-9DF2-91A96B04AC43}.Debug|Any CPU.Build.0 = Debug|Any CPU
		{89A3DD18-549E-4396-9DF2-91A96B04AC43}.Debug|x64.ActiveCfg = Debug|Any CPU
		{89A3DD18-549E-4396-9DF2-91A96B04AC43}.Debug|x64.Build.0 = Debug|Any CPU
		{89A3DD18-549E-4396-9DF2-91A96B04AC43}.Debug|x86.ActiveCfg = Debug|Any CPU
		{89A3DD18-549E-4396-9DF2-91A96B04AC43}.Debug|x86.Build.0 = Debug|Any CPU
		{89A3DD18-549E-4396-9DF2-91A96B04AC43}.Release|Any CPU.ActiveCfg = Release|Any CPU
		{89A3DD18-549E-4396-9DF2-91A96B04AC43}.Release|Any CPU.Build.0 = Release|Any CPU
		{89A3DD18-549E-4396-9DF2-91A96B04AC43}.Release|x64.ActiveCfg = Release|Any CPU
		{89A3DD18-549E-4396-9DF2-91A96B04AC43}.Release|x64.Build.0 = Release|Any CPU
		{89A3DD18-549E-4396-9DF2-91A96B04AC43}.Release|x86.ActiveCfg = Release|Any CPU
		{89A3DD18-549E-4396-9DF2-91A96B04AC43}.Release|x86.Build.0 = Release|Any CPU
		{931C3F30-FD9F-48F1-BC18-65A363ABAEAD}.Debug|Any CPU.ActiveCfg = Debug|Any CPU
		{931C3F30-FD9F-48F1-BC18-65A363ABAEAD}.Debug|Any CPU.Build.0 = Debug|Any CPU
		{931C3F30-FD9F-48F1-BC18-65A363ABAEAD}.Debug|x64.ActiveCfg = Debug|Any CPU
		{931C3F30-FD9F-48F1-BC18-65A363ABAEAD}.Debug|x64.Build.0 = Debug|Any CPU
		{931C3F30-FD9F-48F1-BC18-65A363ABAEAD}.Debug|x86.ActiveCfg = Debug|Any CPU
		{931C3F30-FD9F-48F1-BC18-65A363ABAEAD}.Debug|x86.Build.0 = Debug|Any CPU
		{931C3F30-FD9F-48F1-BC18-65A363ABAEAD}.Release|Any CPU.ActiveCfg = Release|Any CPU
		{931C3F30-FD9F-48F1-BC18-65A363ABAEAD}.Release|Any CPU.Build.0 = Release|Any CPU
		{931C3F30-FD9F-48F1-BC18-65A363ABAEAD}.Release|x64.ActiveCfg = Release|Any CPU
		{931C3F30-FD9F-48F1-BC18-65A363ABAEAD}.Release|x64.Build.0 = Release|Any CPU
		{931C3F30-FD9F-48F1-BC18-65A363ABAEAD}.Release|x86.ActiveCfg = Release|Any CPU
		{931C3F30-FD9F-48F1-BC18-65A363ABAEAD}.Release|x86.Build.0 = Release|Any CPU
	EndGlobalSection
	GlobalSection(SolutionProperties) = preSolution
		HideSolutionNode = FALSE
	EndGlobalSection
EndGlobal
